
Microsoft Visual Studio Solution File, Format Version 12.00
# Visual Studio 15
VisualStudioVersion = 15.0.28307.106
MinimumVisualStudioVersion = 10.0.40219.1
Project("{9A19103F-16F7-4668-BE54-9A1E7A4F7556}") = "making-unit-tests", "app\making-unit-tests.csproj", "{18A16B6B-EBD7-4B3B-B1D2-DDD099CE7A84}"
EndProject
Project("{9A19103F-16F7-4668-BE54-9A1E7A4F7556}") = "tests", "tests\tests.csproj", "{A4B2F642-0871-414C-A28E-96FDBC46EEE2}"
EndProject
Global
	GlobalSection(SolutionConfigurationPlatforms) = preSolution
		Debug|Any CPU = Debug|Any CPU
		Release|Any CPU = Release|Any CPU
	EndGlobalSection
	GlobalSection(ProjectConfigurationPlatforms) = postSolution
		{18A16B6B-EBD7-4B3B-B1D2-DDD099CE7A84}.Debug|Any CPU.ActiveCfg = Debug|Any CPU
		{18A16B6B-EBD7-4B3B-B1D2-DDD099CE7A84}.Debug|Any CPU.Build.0 = Debug|Any CPU
		{18A16B6B-EBD7-4B3B-B1D2-DDD099CE7A84}.Release|Any CPU.ActiveCfg = Release|Any CPU
		{18A16B6B-EBD7-4B3B-B1D2-DDD099CE7A84}.Release|Any CPU.Build.0 = Release|Any CPU
		{A4B2F642-0871-414C-A28E-96FDBC46EEE2}.Debug|Any CPU.ActiveCfg = Debug|Any CPU
		{A4B2F642-0871-414C-A28E-96FDBC46EEE2}.Debug|Any CPU.Build.0 = Debug|Any CPU
		{A4B2F642-0871-414C-A28E-96FDBC46EEE2}.Release|Any CPU.ActiveCfg = Release|Any CPU
		{A4B2F642-0871-414C-A28E-96FDBC46EEE2}.Release|Any CPU.Build.0 = Release|Any CPU
	EndGlobalSection
	GlobalSection(SolutionProperties) = preSolution
		HideSolutionNode = FALSE
	EndGlobalSection
	GlobalSection(ExtensibilityGlobals) = postSolution
		SolutionGuid = {91D20738-5735-451C-81C8-04AC4D478492}
	EndGlobalSection
EndGlobal
